{
    "requires": true,
    "lockfileVersion": 1,
    "dependencies": {
        "chainsaw": {
            "version": "0.0.9",
            "resolved": "https://registry.npmjs.org/chainsaw/-/chainsaw-0.0.9.tgz",
            "integrity": "sha1-EaBRAtHEx4W20EFdM21aOhYSkT4=",
            "requires": {
                "traverse": "0.3.9"
            }
        },
        "hashish": {
            "version": "0.0.4",
            "resolved": "https://registry.npmjs.org/hashish/-/hashish-0.0.4.tgz",
            "integrity": "sha1-bWC8b/r3Ebav1g5CbQd5iAFOZVQ=",
            "requires": {
                "traverse": "0.3.9"
            }
        },
        "remove": {
            "version": "0.1.5",
            "resolved": "https://registry.npmjs.org/remove/-/remove-0.1.5.tgz",
            "integrity": "sha1-CV/9gn1lyfQa2X0z5BanWBEHmVU=",
            "requires": {
                "seq": "0.3.5"
            }
        },
        "seq": {
            "version": "0.3.5",
            "resolved": "https://registry.npmjs.org/seq/-/seq-0.3.5.tgz",
            "integrity": "sha1-rgKvOkJHk9jMvyEtaRdODFTf/jg=",
            "requires": {
                "chainsaw": "0.0.9",
                "hashish": "0.0.4"
            }
        },
        "traverse": {
            "version": "0.3.9",
            "resolved": "https://registry.npmjs.org/traverse/-/traverse-0.3.9.tgz",
            "integrity": "sha1-cXuPIgzAu3tE5AUUwisui7xw2Lk="
        }
    }
}
